{
  "nodes": {
    "cl-boundary-kit": {
      "flake": false,
      "locked": {
        "lastModified": 1785937199,
        "narHash": "sha256-FAuQIpnySCV4KoPm2ugbq/9uMsBGBO5XzF0SE3o0MTI=",
        "owner": "nerima-lisp",
        "repo": "cl-boundary-kit",
        "rev": "62e4a7df3e52061c38b7ff4f596436bdda985f71",
        "type": "github"
      },
      "original": {
        "owner": "nerima-lisp",
        "ref": "v2.3.0",
        "repo": "cl-boundary-kit",
        "type": "github"
      }
    },
    "cl-cli": {
      "flake": false,
      "locked": {
        "lastModified": 1790404112,
        "narHash": "sha256-qUsAMAUqWvshDnriY8sLrZa6tspSQAaNjRJWZQqAEpw=",
        "owner": "nerima-lisp",
        "repo": "cl-cli",
        "rev": "40f2072b423658031a3bf2bdaf48cc769d4a70f6",
        "type": "github"
      },
      "original": {
        "owner": "nerima-lisp",
        "ref": "v1.4.0",
        "repo": "cl-cli",
        "type": "github"
      }
    },
    "cl-codec-kit": {
      "flake": false,
      "locked": {
        "lastModified": 1790500690,
        "narHash": "sha256-vr00pg1SeZ0BJKeSiM2bmxwC2YK5VwDiSYq5bNVRj14=",
        "owner": "nerima-lisp",
        "repo": "cl-codec-kit",
        "rev": "5885db990560b1aa3992a88daceea010b9adc1d2",
        "type": "github"
      },
      "original": {
        "owner": "nerima-lisp",
        "ref": "v0.6.0",
        "repo": "cl-codec-kit",
        "type": "github"
      }
    },
    "cl-concurrent-kit": {
      "flake": false,
      "locked": {
        "lastModified": 1785940791,
        "narHash": "sha256-4ZXzAIMn4x+/zhx+jOW/Vr61oT/lc+PJIWzAE5y2Qsw=",
        "owner": "nerima-lisp",
        "repo": "cl-concurrent-kit",
        "rev": "0ef20d36a0a12800f231172227bd94034611c639",
        "type": "github"
      },
      "original": {
        "owner": "nerima-lisp",
        "ref": "v0.6.1",
        "repo": "cl-concurrent-kit",
        "type": "github"
      }
    },
    "cl-date-kit": {
      "flake": false,
      "locked": {
        "lastModified": 1790450959,
        "narHash": "sha256-tB9CMfpnp0suzaXLRey5EKTbXvJ+3M64Uf0lhYD0c84=",
        "owner": "nerima-lisp",
        "repo": "cl-date-kit",
        "rev": "021c00df3f4dd18cad7206221125d1596db2fae5",
        "type": "github"
      },
      "original": {
        "owner": "nerima-lisp",
        "ref": "v1.1.1",
        "repo": "cl-date-kit",
        "type": "github"
      }
    },
    "cl-host-kit": {
      "flake": false,
      "locked": {
        "lastModified": 1785923957,
        "narHash": "sha256-pUR7Gi9Fdwg9WR1Mpjl+yBAb8FHAAieG8lTLYwfVJOc=",
        "owner": "nerima-lisp",
        "repo": "cl-host-kit",
        "rev": "ec565470b634605e23b0d6eef0645eb15e8e3356",
        "type": "github"
      },
      "original": {
        "owner": "nerima-lisp",
        "ref": "v0.3.1",
        "repo": "cl-host-kit",
        "type": "github"
      }
    },
    "cl-log-kit": {
      "flake": false,
      "locked": {
        "lastModified": 1785930087,
        "narHash": "sha256-zFbU9a8KLHThzQRn7jqSL0SoTj7ImeP3Q5lJmsOzBQM=",
        "owner": "nerima-lisp",
        "repo": "cl-log-kit",
        "rev": "580ebe23e4106edb8dcc89c0d4732f585c17e3f9",
        "type": "github"
      },
      "original": {
        "owner": "nerima-lisp",
        "ref": "v2.2.0",
        "repo": "cl-log-kit",
        "type": "github"
      }
    },
    "cl-nix-forge": {
      "inputs": {
        "nixpkgs": [
          "cl-weave",
          "nixpkgs"
        ],
        "treefmt-nix": "treefmt-nix"
      },
      "locked": {
        "lastModified": 1785825792,
        "narHash": "sha256-FjpTPYXj5BINxpgFbNqKQgeB6p/ANR/1N8T4lSHS7kU=",
        "owner": "nerima-lisp",
        "repo": "cl-nix-forge",
        "rev": "df1e772cda1efcdb90297b49ca1a25b396b8bdd7",
        "type": "github"
      },
      "original": {
        "owner": "nerima-lisp",
        "ref": "v0.5.0",
        "repo": "cl-nix-forge",
        "type": "github"
      }
    },
    "cl-parser-kit": {
      "flake": false,
      "locked": {
        "lastModified": 1785931427,
        "narHash": "sha256-IR8GbJVuSKS8fTcuQezTVlJJ3nU802shk2fdiHszcig=",
        "owner": "nerima-lisp",
        "repo": "cl-parser-kit",
        "rev": "6379014e6d85bdaecc57157611baa4ddf4b2b206",
        "type": "github"
      },
      "original": {
        "owner": "nerima-lisp",
        "ref": "v1.1.1",
        "repo": "cl-parser-kit",
        "type": "github"
      }
    },
    "cl-process-kit": {
      "flake": false,
      "locked": {
        "lastModified": 1790572250,
        "narHash": "sha256-vU3PHcoEA72BBK37uvjsdkuApxNR4FZ9KV27VyMWM5c=",
        "owner": "nerima-lisp",
        "repo": "cl-process-kit",
        "rev": "1276a8b8db6120ac15a0911c255a586b3a030ca1",
        "type": "github"
      },
      "original": {
        "owner": "nerima-lisp",
        "ref": "v3.4.0",
        "repo": "cl-process-kit",
        "type": "github"
      }
    },
    "cl-regex-kit": {
      "flake": false,
      "locked": {
        "lastModified": 1790521261,
        "narHash": "sha256-4BAunpX2NMUgt5usfJWp1dRqc0H01Is3MrGMGkquKio=",
        "owner": "nerima-lisp",
        "repo": "cl-regex-kit",
        "rev": "da83905cad2bcb28518ebb28cac6628c654bb328",
        "type": "github"
      },
      "original": {
        "owner": "nerima-lisp",
        "ref": "v2.2.0",
        "repo": "cl-regex-kit",
        "type": "github"
      }
    },
    "cl-tty-kit": {
      "flake": false,
      "locked": {
        "lastModified": 1786289076,
        "narHash": "sha256-BITAAgbpxMVWgSCZPLWWO6gxh4KcPcHDy518Sbn0K8I=",
        "owner": "nerima-lisp",
        "repo": "cl-tty-kit",
        "rev": "add24964a286720baa9e08722f4b611fcefdf22f",
        "type": "github"
      },
      "original": {
        "owner": "nerima-lisp",
        "ref": "v1.6.1",
        "repo": "cl-tty-kit",
        "type": "github"
      }
    },
    "cl-tui-kit": {
      "flake": false,
      "locked": {
        "lastModified": 1786802588,
        "narHash": "sha256-J3E3H6dP57Fvz6SQMLCwEf1MD+MzxsrH+moQUBT31k0=",
        "owner": "nerima-lisp",
        "repo": "cl-tui-kit",
        "rev": "d5413a6557460e23cb6dc518eabc7157ae772af9",
        "type": "github"
      },
      "original": {
        "owner": "nerima-lisp",
        "ref": "v4.1.3",
        "repo": "cl-tui-kit",
        "type": "github"
      }
    },
    "cl-vcs-kit": {
      "flake": false,
      "locked": {
        "lastModified": 1786359167,
        "narHash": "sha256-CXbyJBaB36mOSsAXh4AgVag47JaLz2WXCxQjjgfzXmY=",
        "owner": "nerima-lisp",
        "repo": "cl-vcs-kit",
        "rev": "ceca9962b105c98c763e2f6fac178c4537bb2497",
        "type": "github"
      },
      "original": {
        "owner": "nerima-lisp",
        "ref": "v0.2.0",
        "repo": "cl-vcs-kit",
        "type": "github"
      }
    },
    "cl-weave": {
      "inputs": {
        "cl-nix-forge": "cl-nix-forge",
        "nixpkgs": [
          "nixpkgs"
        ],
        "paredit-cli": "paredit-cli",
        "treefmt-nix": "treefmt-nix_3"
      },
      "locked": {
        "lastModified": 1790778646,
        "narHash": "sha256-x2bYA/A2q9q1QOccPG1faD6J6Hn+/9YCd3xKQFrNefY=",
        "owner": "nerima-lisp",
        "repo": "cl-weave",
        "rev": "32671560d3d15d4ecf33b9d8af862ea60737841b",
        "type": "github"
      },
      "original": {
        "owner": "nerima-lisp",
        "ref": "v1.4.0",
        "repo": "cl-weave",
        "type": "github"
      }
    },
    "crane": {
      "locked": {
        "lastModified": 1785631643,
        "narHash": "sha256-H++/2dMt+5+tErKU+t5z6c4Xedvj9w+UPQYrpygwIPw=",
        "owner": "ipetkov",
        "repo": "crane",
        "rev": "b8d87f76ea4e4b6f30f2e6eaf3fbb60ff7d87167",
        "type": "github"
      },
      "original": {
        "owner": "ipetkov",
        "repo": "crane",
        "type": "github"
      }
    },
    "crane_2": {
      "locked": {
        "lastModified": 1785631643,
        "narHash": "sha256-H++/2dMt+5+tErKU+t5z6c4Xedvj9w+UPQYrpygwIPw=",
        "owner": "ipetkov",
        "repo": "crane",
        "rev": "b8d87f76ea4e4b6f30f2e6eaf3fbb60ff7d87167",
        "type": "github"
      },
      "original": {
        "owner": "ipetkov",
        "repo": "crane",
        "type": "github"
      }
    },
    "nixpkgs": {
      "locked": {
        "lastModified": 1791048980,
        "narHash": "sha256-KgItSKML8Xvte0B7/uGnBDsYzSnnKHcOaiUbgWBXLXw=",
        "owner": "NixOS",
        "repo": "nixpkgs",
        "rev": "a7868a727837f3c09cee2ce0ca671c76b1589fed",
        "type": "github"
      },
      "original": {
        "owner": "NixOS",
        "ref": "nixos-unstable",
        "repo": "nixpkgs",
        "type": "github"
      }
    },
    "paredit-cli": {
      "inputs": {
        "crane": "crane",
        "nixpkgs": [
          "cl-weave",
          "nixpkgs"
        ],
        "rust-overlay": "rust-overlay",
        "treefmt-nix": "treefmt-nix_2"
      },
      "locked": {
        "lastModified": 1788540112,
        "narHash": "sha256-UnHnKf6RiaOXOq2ZBoYLtE9/vDz05tFtI69juYrKPno=",
        "owner": "nerima-lisp",
        "repo": "paredit-cli",
        "rev": "e8efd9528cf9a7acc98d3b99961bd657a0a9a62a",
        "type": "github"
      },
      "original": {
        "owner": "nerima-lisp",
        "ref": "v1.6.3",
        "repo": "paredit-cli",
        "type": "github"
      }
    },
    "paredit-cli_2": {
      "inputs": {
        "crane": "crane_2",
        "nixpkgs": [
          "nixpkgs"
        ],
        "rust-overlay": "rust-overlay_2",
        "treefmt-nix": "treefmt-nix_4"
      },
      "locked": {
        "lastModified": 1788540112,
        "narHash": "sha256-UnHnKf6RiaOXOq2ZBoYLtE9/vDz05tFtI69juYrKPno=",
        "owner": "nerima-lisp",
        "repo": "paredit-cli",
        "rev": "e8efd9528cf9a7acc98d3b99961bd657a0a9a62a",
        "type": "github"
      },
      "original": {
        "owner": "nerima-lisp",
        "ref": "v1.6.3",
        "repo": "paredit-cli",
        "type": "github"
      }
    },
    "root": {
      "inputs": {
        "cl-boundary-kit": "cl-boundary-kit",
        "cl-cli": "cl-cli",
        "cl-codec-kit": "cl-codec-kit",
        "cl-concurrent-kit": "cl-concurrent-kit",
        "cl-date-kit": "cl-date-kit",
        "cl-host-kit": "cl-host-kit",
        "cl-log-kit": "cl-log-kit",
        "cl-parser-kit": "cl-parser-kit",
        "cl-process-kit": "cl-process-kit",
        "cl-regex-kit": "cl-regex-kit",
        "cl-tty-kit": "cl-tty-kit",
        "cl-tui-kit": "cl-tui-kit",
        "cl-vcs-kit": "cl-vcs-kit",
        "cl-weave": "cl-weave",
        "nixpkgs": "nixpkgs",
        "paredit-cli": "paredit-cli_2",
        "treefmt-nix": "treefmt-nix_5"
      }
    },
    "rust-overlay": {
      "inputs": {
        "nixpkgs": [
          "cl-weave",
          "paredit-cli",
          "nixpkgs"
        ]
      },
      "locked": {
        "lastModified": 1785648791,
        "narHash": "sha256-4wZa7NDOxbcm9pTNNcg88nvvPb9uVcWsJ+Ncil8eB1I=",
        "owner": "oxalica",
        "repo": "rust-overlay",
        "rev": "32346a8154e65fa10bac36f7b476a5294cb8b150",
        "type": "github"
      },
      "original": {
        "owner": "oxalica",
        "repo": "rust-overlay",
        "type": "github"
      }
    },
    "rust-overlay_2": {
      "inputs": {
        "nixpkgs": [
          "paredit-cli",
          "nixpkgs"
        ]
      },
      "locked": {
        "lastModified": 1785648791,
        "narHash": "sha256-4wZa7NDOxbcm9pTNNcg88nvvPb9uVcWsJ+Ncil8eB1I=",
        "owner": "oxalica",
        "repo": "rust-overlay",
        "rev": "32346a8154e65fa10bac36f7b476a5294cb8b150",
        "type": "github"
      },
      "original": {
        "owner": "oxalica",
        "repo": "rust-overlay",
        "type": "github"
      }
    },
    "treefmt-nix": {
      "inputs": {
        "nixpkgs": [
          "cl-weave",
          "cl-nix-forge",
          "nixpkgs"
        ]
      },
      "locked": {
        "lastModified": 1785360170,
        "narHash": "sha256-XE1lKgQ3eIO3E7zWryqcRsax+mYXod/5RHBn4YaR9YE=",
        "owner": "numtide",
        "repo": "treefmt-nix",
        "rev": "d1187f8bc71fb8aab02395869ec3f5c1920f75c0",
        "type": "github"
      },
      "original": {
        "owner": "numtide",
        "repo": "treefmt-nix",
        "type": "github"
      }
    },
    "treefmt-nix_2": {
      "inputs": {
        "nixpkgs": [
          "cl-weave",
          "paredit-cli",
          "nixpkgs"
        ]
      },
      "locked": {
        "lastModified": 1785360170,
        "narHash": "sha256-XE1lKgQ3eIO3E7zWryqcRsax+mYXod/5RHBn4YaR9YE=",
        "owner": "numtide",
        "repo": "treefmt-nix",
        "rev": "d1187f8bc71fb8aab02395869ec3f5c1920f75c0",
        "type": "github"
      },
      "original": {
        "owner": "numtide",
        "repo": "treefmt-nix",
        "type": "github"
      }
    },
    "treefmt-nix_3": {
      "inputs": {
        "nixpkgs": [
          "cl-weave",
          "nixpkgs"
        ]
      },
      "locked": {
        "lastModified": 1785360170,
        "narHash": "sha256-XE1lKgQ3eIO3E7zWryqcRsax+mYXod/5RHBn4YaR9YE=",
        "owner": "numtide",
        "repo": "treefmt-nix",
        "rev": "d1187f8bc71fb8aab02395869ec3f5c1920f75c0",
        "type": "github"
      },
      "original": {
        "owner": "numtide",
        "repo": "treefmt-nix",
        "type": "github"
      }
    },
    "treefmt-nix_4": {
      "inputs": {
        "nixpkgs": [
          "paredit-cli",
          "nixpkgs"
        ]
      },
      "locked": {
        "lastModified": 1785360170,
        "narHash": "sha256-XE1lKgQ3eIO3E7zWryqcRsax+mYXod/5RHBn4YaR9YE=",
        "owner": "numtide",
        "repo": "treefmt-nix",
        "rev": "d1187f8bc71fb8aab02395869ec3f5c1920f75c0",
        "type": "github"
      },
      "original": {
        "owner": "numtide",
        "repo": "treefmt-nix",
        "type": "github"
      }
    },
    "treefmt-nix_5": {
      "inputs": {
        "nixpkgs": [
          "nixpkgs"
        ]
      },
      "locked": {
        "lastModified": 1791198660,
        "narHash": "sha256-f8Pye933T60vreB9u9pqfAXDyBqO13U7H0LvPsOxCIA=",
        "owner": "numtide",
        "repo": "treefmt-nix",
        "rev": "8b367b728be38d1bb7206f037c9df9989df3353a",
        "type": "github"
      },
      "original": {
        "owner": "numtide",
        "repo": "treefmt-nix",
        "type": "github"
      }
    }
  },
  "root": "root",
  "version": 7
}
